{
  "name": "playwright-snippets",
  "version": "1.0.0",
  "lockfileVersion": 3,
  "requires": true,
  "packages": {
    "": {
      "name": "playwright-snippets",
      "version": "1.0.0",
      "license": "ISC",
      "dependencies": {
        "dotenv": "^16.0.3",
        "fs": "^0.0.1-security",
        "playwright-utilities": "^1.0.1",
        "ts-dotenv": "^0.9.1"
      },
      "devDependencies": {
        "@playwright/test": "^1.32.0"
      }
    },
    "node_modules/@playwright/test": {
      "version": "1.32.0",
      "resolved": "https://registry.npmjs.org/@playwright/test/-/test-1.32.0.tgz",
      "integrity": "sha512-zOdGloaF0jeec7hqoLqM5S3L2rR4WxMJs6lgiAeR70JlH7Ml54ZPoIIf3X7cvnKde3Q9jJ/gaxkFh8fYI9s1rg==",
      "dev": true,
      "dependencies": {
        "@types/node": "*",
        "playwright-core": "1.32.0"
      },
      "bin": {
        "playwright": "cli.js"
      },
      "engines": {
        "node": ">=14"
      },
      "optionalDependencies": {
        "fsevents": "2.3.2"
      }
    },
    "node_modules/@types/node": {
      "version": "18.15.6",
      "resolved": "https://registry.npmjs.org/@types/node/-/node-18.15.6.tgz",
      "integrity": "sha512-YErOafCZpK4g+Rp3Q/PBgZNAsWKGunQTm9FA3/Pbcm0VCriTEzcrutQ/SxSc0rytAp0NoFWue669jmKhEtd0sA==",
      "dev": true
    },
    "node_modules/dotenv": {
      "version": "16.0.3",
      "resolved": "https://registry.npmjs.org/dotenv/-/dotenv-16.0.3.tgz",
      "integrity": "sha512-7GO6HghkA5fYG9TYnNxi14/7K9f5occMlp3zXAuSxn7CKCxt9xbNWG7yF8hTCSUchlfWSe3uLmlPfigevRItzQ==",
      "engines": {
        "node": ">=12"
      }
    },
    "node_modules/fs": {
      "version": "0.0.1-security",
      "resolved": "https://registry.npmjs.org/fs/-/fs-0.0.1-security.tgz",
      "integrity": "sha512-3XY9e1pP0CVEUCdj5BmfIZxRBTSDycnbqhIOGec9QYtmVH2fbLpj86CFWkrNOkt/Fvty4KZG5lTglL9j/gJ87w=="
    },
    "node_modules/fsevents": {
      "version": "2.3.2",
      "resolved": "https://registry.npmjs.org/fsevents/-/fsevents-2.3.2.tgz",
      "integrity": "sha512-xiqMQR4xAeHTuB9uWm+fFRcIOgKBMiOBP+eXiyT7jsgVCq1bkVygt00oASowB7EdtpOHaaPgKt812P9ab+DDKA==",
      "dev": true,
      "hasInstallScript": true,
      "optional": true,
      "os": [
        "darwin"
      ],
      "engines": {
        "node": "^8.16.0 || ^10.6.0 || >=11.0.0"
      }
    },
    "node_modules/playwright-core": {
      "version": "1.32.0",
      "resolved": "https://registry.npmjs.org/playwright-core/-/playwright-core-1.32.0.tgz",
      "integrity": "sha512-Z9Ij17X5Z3bjpp6XKujGBp9Gv4eViESac9aDmwgQFUEJBW0K80T21m/Z+XJQlu4cNsvPygw33b6V1Va6Bda5zQ==",
      "dev": true,
      "bin": {
        "playwright": "cli.js"
      },
      "engines": {
        "node": ">=14"
      }
    },
    "node_modules/playwright-utilities": {
      "version": "1.0.1",
      "resolved": "https://registry.npmjs.org/playwright-utilities/-/playwright-utilities-1.0.1.tgz",
      "integrity": "sha512-AmShtS1OC5DpWT2ZEFauOpfPP74Egpfz8W19XdRAzdqCxuBfWtKiHSRJ+/JzFU/DrVo+MkLoHfXtTPYP8jhgNA==",
      "engines": {
        "node": ">=18.0"
      }
    },
    "node_modules/ts-dotenv": {
      "version": "0.9.1",
      "resolved": "https://registry.npmjs.org/ts-dotenv/-/ts-dotenv-0.9.1.tgz",
      "integrity": "sha512-oTTXmjSMkCIK8d+uKbQnHh7JS9zEYGn3pq7nE0qHVERq+6Mx9wZKcXVAT+7X0qhOWpRz10dqrJCFFcKwunYz5w=="
    }
  }
}
